// !$*UTF8*$!
{
	archiveVersion = 1;
	classes = {
	};
	objectVersion = 55;
	objects = {

/* Begin PBXBuildFile section */
		CCCD03BE271EA9F900F92EE0 /* AppDelegate.swift in Sources */ = {isa = PBXBuildFile; fileRef = CCCD03BD271EA9F900F92EE0 /* AppDelegate.swift */; };
		CCCD03C0271EA9F900F92EE0 /* SceneDelegate.swift in Sources */ = {isa = PBXBuildFile; fileRef = CCCD03BF271EA9F900F92EE0 /* SceneDelegate.swift */; };
		CCCD03C2271EA9F900F92EE0 /* ViewController.swift in Sources */ = {isa = PBXBuildFile; fileRef = CCCD03C1271EA9F900F92EE0 /* ViewController.swift */; };
		CCCD03C5271EA9F900F92EE0 /* Main.storyboard in Resources */ = {isa = PBXBuildFile; fileRef = CCCD03C3271EA9F900F92EE0 /* Main.storyboard */; };
		CCCD03C8271EA9F900F92EE0 /* ____.xcdatamodeld in Sources */ = {isa = PBXBuildFile; fileRef = CCCD03C6271EA9F900F92EE0 /* ____.xcdatamodeld */; };
		CCCD03CA271EA9FE00F92EE0 /* Assets.xcassets in Resources */ = {isa = PBXBuildFile; fileRef = CCCD03C9271EA9FE00F92EE0 /* Assets.xcassets */; };
		CCCD03CD271EA9FE00F92EE0 /* LaunchScreen.storyboard in Resources */ = {isa = PBXBuildFile; fileRef = CCCD03CB271EA9FE00F92EE0 /* LaunchScreen.storyboard */; };
		CCCD03D5271EAB0D00F92EE0 /* Sign.swift in Sources */ = {isa = PBXBuildFile; fileRef = CCCD03D4271EAB0D00F92EE0 /* Sign.swift */; };
		CCCD03D7271EAD6100F92EE0 /* GameState.swift in Sources */ = {isa = PBXBuildFile; fileRef = CCCD03D6271EAD6100F92EE0 /* GameState.swift */; };
		CCCD03D9271EBB2500F92EE0 /* crayon_1-1.ttf in Resources */ = {isa = PBXBuildFile; fileRef = CCCD03D8271EBB2500F92EE0 /* crayon_1-1.ttf */; };
/* End PBXBuildFile section */

/* Begin PBXFileReference section */
		CCCD03BA271EA9F900F92EE0 /* 猜拳遊戲.app */ = {isa = PBXFileReference; explicitFileType = wrapper.application; includeInIndex = 0; path = "猜拳遊戲.app"; sourceTree = BUILT_PRODUCTS_DIR; };
		CCCD03BD271EA9F900F92EE0 /* AppDelegate.swift */ = {isa = PBXFileReference; lastKnownFileType = sourcecode.swift; path = AppDelegate.swift; sourceTree = "<group>"; };
		CCCD03BF271EA9F900F92EE0 /* SceneDelegate.swift */ = {isa = PBXFileReference; lastKnownFileType = sourcecode.swift; path = SceneDelegate.swift; sourceTree = "<group>"; };
		CCCD03C1271EA9F900F92EE0 /* ViewController.swift */ = {isa = PBXFileReference; lastKnownFileType = sourcecode.swift; path = ViewController.swift; sourceTree = "<group>"; };
		CCCD03C4271EA9F900F92EE0 /* Base */ = {isa = PBXFileReference; lastKnownFileType = file.storyboard; name = Base; path = Base.lproj/Main.storyboard; sourceTree = "<group>"; };
		CCCD03C7271EA9F900F92EE0 /* ____.xcdatamodel */ = {isa = PBXFileReference; lastKnownFileType = wrapper.xcdatamodel; path = "____.xcdatamodel"; sourceTree = "<group>"; };
		CCCD03C9271EA9FE00F92EE0 /* Assets.xcassets */ = {isa = PBXFileReference; lastKnownFileType = folder.assetcatalog; path = Assets.xcassets; sourceTree = "<group>"; };
		CCCD03CC271EA9FE00F92EE0 /* Base */ = {isa = PBXFileReference; lastKnownFileType = file.storyboard; name = Base; path = Base.lproj/LaunchScreen.storyboard; sourceTree = "<group>"; };
		CCCD03CE271EA9FE00F92EE0 /* Info.plist */ = {isa = PBXFileReference; lastKnownFileType = text.plist.xml; path = Info.plist; sourceTree = "<group>"; };
		CCCD03D4271EAB0D00F92EE0 /* Sign.swift */ = {isa = PBXFileReference; lastKnownFileType = sourcecode.swift; path = Sign.swift; sourceTree = "<group>"; };
		CCCD03D6271EAD6100F92EE0 /* GameState.swift */ = {isa = PBXFileReference; lastKnownFileType = sourcecode.swift; path = GameState.swift; sourceTree = "<group>"; };
		CCCD03D8271EBB2500F92EE0 /* crayon_1-1.ttf */ = {isa = PBXFileReference; lastKnownFileType = file; path = "crayon_1-1.ttf"; sourceTree = "<group>"; };
/* End PBXFileReference section */

/* Begin PBXFrameworksBuildPhase section */
		CCCD03B7271EA9F900F92EE0 /* Frameworks */ = {
			isa = PBXFrameworksBuildPhase;
			buildActionMask = 2147483647;
			files = (
			);
			runOnlyForDeploymentPostprocessing = 0;
		};
/* End PBXFrameworksBuildPhase section */

/* Begin PBXGroup section */
		CCCD03B1271EA9F900F92EE0 = {
			isa = PBXGroup;
			children = (
				CCCD03BC271EA9F900F92EE0 /* 猜拳遊戲 */,
				CCCD03BB271EA9F900F92EE0 /* Products */,
			);
			sourceTree = "<group>";
		};
		CCCD03BB271EA9F900F92EE0 /* Products */ = {
			isa = PBXGroup;
			children = (
				CCCD03BA271EA9F900F92EE0 /* 猜拳遊戲.app */,
			);
			name = Products;
			sourceTree = "<group>";
		};
		CCCD03BC271EA9F900F92EE0 /* 猜拳遊戲 */ = {
			isa = PBXGroup;
			children = (
				CCCD03D8271EBB2500F92EE0 /* crayon_1-1.ttf */,
				CCCD03BD271EA9F900F92EE0 /* AppDelegate.swift */,
				CCCD03BF271EA9F900F92EE0 /* SceneDelegate.swift */,
				CCCD03C1271EA9F900F92EE0 /* ViewController.swift */,
				CCCD03C3271EA9F900F92EE0 /* Main.storyboard */,
				CCCD03D4271EAB0D00F92EE0 /* Sign.swift */,
				CCCD03D6271EAD6100F92EE0 /* GameState.swift */,
				CCCD03C9271EA9FE00F92EE0 /* Assets.xcassets */,
				CCCD03CB271EA9FE00F92EE0 /* LaunchScreen.storyboard */,
				CCCD03CE271EA9FE00F92EE0 /* Info.plist */,
				CCCD03C6271EA9F900F92EE0 /* ____.xcdatamodeld */,
			);
			path = "猜拳遊戲";
			sourceTree = "<group>";
		};
/* End PBXGroup section */

/* Begin PBXNativeTarget section */
		CCCD03B9271EA9F900F92EE0 /* 猜拳遊戲 */ = {
			isa = PBXNativeTarget;
			buildConfigurationList = CCCD03D1271EA9FE00F92EE0 /* Build configuration list for PBXNativeTarget "猜拳遊戲" */;
			buildPhases = (
				CCCD03B6271EA9F900F92EE0 /* Sources */,
				CCCD03B7271EA9F900F92EE0 /* Frameworks */,
				CCCD03B8271EA9F900F92EE0 /* Resources */,
			);
			buildRules = (
			);
			dependencies = (
			);
			name = "猜拳遊戲";
			productName = "猜拳遊戲";
			productReference = CCCD03BA271EA9F900F92EE0 /* 猜拳遊戲.app */;
			productType = "com.apple.product-type.application";
		};
/* End PBXNativeTarget section */

/* Begin PBXProject section */
		CCCD03B2271EA9F900F92EE0 /* Project object */ = {
			isa = PBXProject;
			attributes = {
				BuildIndependentTargetsInParallel = 1;
				LastSwiftUpdateCheck = 1300;
				LastUpgradeCheck = 1300;
				TargetAttributes = {
					CCCD03B9271EA9F900F92EE0 = {
						CreatedOnToolsVersion = 13.0;
					};
				};
			};
			buildConfigurationList = CCCD03B5271EA9F900F92EE0 /* Build configuration list for PBXProject "猜拳遊戲" */;
			compatibilityVersion = "Xcode 13.0";
			developmentRegion = en;
			hasScannedForEncodings = 0;
			knownRegions = (
				en,
				Base,
			);
			mainGroup = CCCD03B1271EA9F900F92EE0;
			productRefGroup = CCCD03BB271EA9F900F92EE0 /* Products */;
			projectDirPath = "";
			projectRoot = "";
			targets = (
				CCCD03B9271EA9F900F92EE0 /* 猜拳遊戲 */,
			);
		};
/* End PBXProject section */

/* Begin PBXResourcesBuildPhase section */
		CCCD03B8271EA9F900F92EE0 /* Resources */ = {
			isa = PBXResourcesBuildPhase;
			buildActionMask = 2147483647;
			files = (
				CCCD03D9271EBB2500F92EE0 /* crayon_1-1.ttf in Resources */,
				CCCD03CD271EA9FE00F92EE0 /* LaunchScreen.storyboard in Resources */,
				CCCD03CA271EA9FE00F92EE0 /* Assets.xcassets in Resources */,
				CCCD03C5271EA9F900F92EE0 /* Main.storyboard in Resources */,
			);
			runOnlyForDeploymentPostprocessing = 0;
		};
/* End PBXResourcesBuildPhase section */

/* Begin PBXSourcesBuildPhase section */
		CCCD03B6271EA9F900F92EE0 /* Sources */ = {
			isa = PBXSourcesBuildPhase;
			buildActionMask = 2147483647;
			files = (
				CCCD03C2271EA9F900F92EE0 /* ViewController.swift in Sources */,
				CCCD03C8271EA9F900F92EE0 /* ____.xcdatamodeld in Sources */,
				CCCD03D5271EAB0D00F92EE0 /* Sign.swift in Sources */,
				CCCD03D7271EAD6100F92EE0 /* GameState.swift in Sources */,
				CCCD03BE271EA9F900F92EE0 /* AppDelegate.swift in Sources */,
				CCCD03C0271EA9F900F92EE0 /* SceneDelegate.swift in Sources */,
			);
			runOnlyForDeploymentPostprocessing = 0;
		};
/* End PBXSourcesBuildPhase section */

/* Begin PBXVariantGroup section */
		CCCD03C3271EA9F900F92EE0 /* Main.storyboard */ = {
			isa = PBXVariantGroup;
			children = (
				CCCD03C4271EA9F900F92EE0 /* Base */,
			);
			name = Main.storyboard;
			sourceTree = "<group>";
		};
		CCCD03CB271EA9FE00F92EE0 /* LaunchScreen.storyboard */ = {
			isa = PBXVariantGroup;
			children = (
				CCCD03CC271EA9FE00F92EE0 /* Base */,
			);
			name = LaunchScreen.storyboard;
			sourceTree = "<group>";
		};
/* End PBXVariantGroup section */

/* Begin XCBuildConfiguration section */
		CCCD03CF271EA9FE00F92EE0 /* Debug */ = {
			isa = XCBuildConfiguration;
			buildSettings = {
				ALWAYS_SEARCH_USER_PATHS = NO;
				CLANG_ANALYZER_NONNULL = YES;
				CLANG_ANALYZER_NUMBER_OBJECT_CONVERSION = YES_AGGRESSIVE;
				CLANG_CXX_LANGUAGE_STANDARD = "gnu++17";
				CLANG_CXX_LIBRARY = "libc++";
				CLANG_ENABLE_MODULES = YES;
				CLANG_ENABLE_OBJC_ARC = YES;
				CLANG_ENABLE_OBJC_WEAK = YES;
				CLANG_WARN_BLOCK_CAPTURE_AUTORELEASING = YES;
				CLANG_WARN_BOOL_CONVERSION = YES;
				CLANG_WARN_COMMA = YES;
				CLANG_WARN_CONSTANT_CONVERSION = YES;
				CLANG_WARN_DEPRECATED_OBJC_IMPLEMENTATIONS = YES;
				CLANG_WARN_DIRECT_OBJC_ISA_USAGE = YES_ERROR;
				CLANG_WARN_DOCUMENTATION_COMMENTS = YES;
				CLANG_WARN_EMPTY_BODY = YES;
				CLANG_WARN_ENUM_CONVERSION = YES;
				CLANG_WARN_INFINITE_RECURSION = YES;
				CLANG_WARN_INT_CONVERSION = YES;
				CLANG_WARN_NON_LITERAL_NULL_CONVERSION = YES;
				CLANG_WARN_OBJC_IMPLICIT_RETAIN_SELF = YES;
				CLANG_WARN_OBJC_LITERAL_CONVERSION = YES;
				CLANG_WARN_OBJC_ROOT_CLASS = YES_ERROR;
				CLANG_WARN_QUOTED_INCLUDE_IN_FRAMEWORK_HEADER = YES;
				CLANG_WARN_RANGE_LOOP_ANALYSIS = YES;
				CLANG_WARN_STRICT_PROTOTYPES = YES;
				CLANG_WARN_SUSPICIOUS_MOVE = YES;
				CLANG_WARN_UNGUARDED_AVAILABILITY = YES_AGGRESSIVE;
				CLANG_WARN_UNREACHABLE_CODE = YES;
				CLANG_WARN__DUPLICATE_METHOD_MATCH = YES;
				COPY_PHASE_STRIP = NO;
				DEBUG_INFORMATION_FORMAT = dwarf;
				ENABLE_STRICT_OBJC_MSGSEND = YES;
				ENABLE_TESTABILITY = YES;
				GCC_C_LANGUAGE_STANDARD = gnu11;
				GCC_DYNAMIC_NO_PIC = NO;
				GCC_NO_COMMON_BLOCKS = YES;
				GCC_OPTIMIZATION_LEVEL = 0;
				GCC_PREPROCESSOR_DEFINITIONS = (
					"DEBUG=1",
					"$(inherited)",
				);
				GCC_WARN_64_TO_32_BIT_CONVERSION = YES;
				GCC_WARN_ABOUT_RETURN_TYPE = YES_ERROR;
				GCC_WARN_UNDECLARED_SELECTOR = YES;
				GCC_WARN_UNINITIALIZED_AUTOS = YES_AGGRESSIVE;
				GCC_WARN_UNUSED_FUNCTION = YES;
				GCC_WARN_UNUSED_VARIABLE = YES;
				IPHONEOS_DEPLOYMENT_TARGET = 15.0;
				MTL_ENABLE_DEBUG_INFO = INCLUDE_SOURCE;
				MTL_FAST_MATH = YES;
				ONLY_ACTIVE_ARCH = YES;
				SDKROOT = iphoneos;
				SWIFT_ACTIVE_COMPILATION_CONDITIONS = DEBUG;
				SWIFT_OPTIMIZATION_LEVEL = "-Onone";
			};
			name = Debug;
		};
		CCCD03D0271EA9FE00F92EE0 /* Release */ = {
			isa = XCBuildConfiguration;
			buildSettings = {
				ALWAYS_SEARCH_USER_PATHS = NO;
				CLANG_ANALYZER_NONNULL = YES;
				CLANG_ANALYZER_NUMBER_OBJECT_CONVERSION = YES_AGGRESSIVE;
				CLANG_CXX_LANGUAGE_STANDARD = "gnu++17";
				CLANG_CXX_LIBRARY = "libc++";
				CLANG_ENABLE_MODULES = YES;
				CLANG_ENABLE_OBJC_ARC = YES;
				CLANG_ENABLE_OBJC_WEAK = YES;
				CLANG_WARN_BLOCK_CAPTURE_AUTORELEASING = YES;
				CLANG_WARN_BOOL_CONVERSION = YES;
				CLANG_WARN_COMMA = YES;
				CLANG_WARN_CONSTANT_CONVERSION = YES;
				CLANG_WARN_DEPRECATED_OBJC_IMPLEMENTATIONS = YES;
				CLANG_WARN_DIRECT_OBJC_ISA_USAGE = YES_ERROR;
				CLANG_WARN_DOCUMENTATION_COMMENTS = YES;
				CLANG_WARN_EMPTY_BODY = YES;
				CLANG_WARN_ENUM_CONVERSION = YES;
				CLANG_WARN_INFINITE_RECURSION = YES;
				CLANG_WARN_INT_CONVERSION = YES;
				CLANG_WARN_NON_LITERAL_NULL_CONVERSION = YES;
				CLANG_WARN_OBJC_IMPLICIT_RETAIN_SELF = YES;
				CLANG_WARN_OBJC_LITERAL_CONVERSION = YES;
				CLANG_WARN_OBJC_ROOT_CLASS = YES_ERROR;
				CLANG_WARN_QUOTED_INCLUDE_IN_FRAMEWORK_HEADER = YES;
				CLANG_WARN_RANGE_LOOP_ANALYSIS = YES;
				CLANG_WARN_STRICT_PROTOTYPES = YES;
				CLANG_WARN_SUSPICIOUS_MOVE = YES;
				CLANG_WARN_UNGUARDED_AVAILABILITY = YES_AGGRESSIVE;
				CLANG_WARN_UNREACHABLE_CODE = YES;
				CLANG_WARN__DUPLICATE_METHOD_MATCH = YES;
				COPY_PHASE_STRIP = NO;
				DEBUG_INFORMATION_FORMAT = "dwarf-with-dsym";
				ENABLE_NS_ASSERTIONS = NO;
				ENABLE_STRICT_OBJC_MSGSEND = YES;
				GCC_C_LANGUAGE_STANDARD = gnu11;
				GCC_NO_COMMON_BLOCKS = YES;
				GCC_WARN_64_TO_32_BIT_CONVERSION = YES;
				GCC_WARN_ABOUT_RETURN_TYPE = YES_ERROR;
				GCC_WARN_UNDECLARED_SELECTOR = YES;
				GCC_WARN_UNINITIALIZED_AUTOS = YES_AGGRESSIVE;
				GCC_WARN_UNUSED_FUNCTION = YES;
				GCC_WARN_UNUSED_VARIABLE = YES;
				IPHONEOS_DEPLOYMENT_TARGET = 15.0;
				MTL_ENABLE_DEBUG_INFO = NO;
				MTL_FAST_MATH = YES;
				SDKROOT = iphoneos;
				SWIFT_COMPILATION_MODE = wholemodule;
				SWIFT_OPTIMIZATION_LEVEL = "-O";
				VALIDATE_PRODUCT = YES;
			};
			name = Release;
		};
		CCCD03D2271EA9FE00F92EE0 /* Debug */ = {
			isa = XCBuildConfiguration;
			buildSettings = {
				ASSETCATALOG_COMPILER_APPICON_NAME = AppIcon;
				ASSETCATALOG_COMPILER_GLOBAL_ACCENT_COLOR_NAME = AccentColor;
				CODE_SIGN_STYLE = Automatic;
				CURRENT_PROJECT_VERSION = 1;
				DEVELOPMENT_TEAM = VP4GBKDNYR;
				GENERATE_INFOPLIST_FILE = YES;
				INFOPLIST_FILE = "猜拳遊戲/Info.plist";
				INFOPLIST_KEY_UIApplicationSupportsIndirectInputEvents = YES;
				INFOPLIST_KEY_UILaunchStoryboardName = LaunchScreen;
				INFOPLIST_KEY_UIMainStoryboardFile = Main;
				INFOPLIST_KEY_UISupportedInterfaceOrientations_iPad = "UIInterfaceOrientationPortrait UIInterfaceOrientationPortraitUpsideDown UIInterfaceOrientationLandscapeLeft UIInterfaceOrientationLandscapeRight";
				INFOPLIST_KEY_UISupportedInterfaceOrientations_iPhone = "UIInterfaceOrientationPortrait UIInterfaceOrientationLandscapeLeft UIInterfaceOrientationLandscapeRight";
				LD_RUNPATH_SEARCH_PATHS = (
					"$(inherited)",
					"@executable_path/Frameworks",
				);
				MARKETING_VERSION = 1.0;
				PRODUCT_BUNDLE_IDENTIFIER = "KikiWang.----";
				PRODUCT_NAME = "$(TARGET_NAME)";
				SWIFT_EMIT_LOC_STRINGS = YES;
				SWIFT_VERSION = 5.0;
				TARGETED_DEVICE_FAMILY = "1,2";
			};
			name = Debug;
		};
		CCCD03D3271EA9FE00F92EE0 /* Release */ = {
			isa = XCBuildConfiguration;
			buildSettings = {
				ASSETCATALOG_COMPILER_APPICON_NAME = AppIcon;
				ASSETCATALOG_COMPILER_GLOBAL_ACCENT_COLOR_NAME = AccentColor;
				CODE_SIGN_STYLE = Automatic;
				CURRENT_PROJECT_VERSION = 1;
				DEVELOPMENT_TEAM = VP4GBKDNYR;
				GENERATE_INFOPLIST_FILE = YES;
				INFOPLIST_FILE = "猜拳遊戲/Info.plist";
				INFOPLIST_KEY_UIApplicationSupportsIndirectInputEvents = YES;
				INFOPLIST_KEY_UILaunchStoryboardName = LaunchScreen;
				INFOPLIST_KEY_UIMainStoryboardFile = Main;
				INFOPLIST_KEY_UISupportedInterfaceOrientations_iPad = "UIInterfaceOrientationPortrait UIInterfaceOrientationPortraitUpsideDown UIInterfaceOrientationLandscapeLeft UIInterfaceOrientationLandscapeRight";
				INFOPLIST_KEY_UISupportedInterfaceOrientations_iPhone = "UIInterfaceOrientationPortrait UIInterfaceOrientationLandscapeLeft UIInterfaceOrientationLandscapeRight";
				LD_RUNPATH_SEARCH_PATHS = (
					"$(inherited)",
					"@executable_path/Frameworks",
				);
				MARKETING_VERSION = 1.0;
				PRODUCT_BUNDLE_IDENTIFIER = "KikiWang.----";
				PRODUCT_NAME = "$(TARGET_NAME)";
				SWIFT_EMIT_LOC_STRINGS = YES;
				SWIFT_VERSION = 5.0;
				TARGETED_DEVICE_FAMILY = "1,2";
			};
			name = Release;
		};
/* End XCBuildConfiguration section */

/* Begin XCConfigurationList section */
		CCCD03B5271EA9F900F92EE0 /* Build configuration list for PBXProject "猜拳遊戲" */ = {
			isa = XCConfigurationList;
			buildConfigurations = (
				CCCD03CF271EA9FE00F92EE0 /* Debug */,
				CCCD03D0271EA9FE00F92EE0 /* Release */,
			);
			defaultConfigurationIsVisible = 0;
			defaultConfigurationName = Release;
		};
		CCCD03D1271EA9FE00F92EE0 /* Build configuration list for PBXNativeTarget "猜拳遊戲" */ = {
			isa = XCConfigurationList;
			buildConfigurations = (
				CCCD03D2271EA9FE00F92EE0 /* Debug */,
				CCCD03D3271EA9FE00F92EE0 /* Release */,
			);
			defaultConfigurationIsVisible = 0;
			defaultConfigurationName = Release;
		};
/* End XCConfigurationList section */

/* Begin XCVersionGroup section */
		CCCD03C6271EA9F900F92EE0 /* ____.xcdatamodeld */ = {
			isa = XCVersionGroup;
			children = (
				CCCD03C7271EA9F900F92EE0 /* ____.xcdatamodel */,
			);
			currentVersion = CCCD03C7271EA9F900F92EE0 /* ____.xcdatamodel */;
			path = "____.xcdatamodeld";
			sourceTree = "<group>";
			versionGroupType = wrapper.xcdatamodel;
		};
/* End XCVersionGroup section */
	};
	rootObject = CCCD03B2271EA9F900F92EE0 /* Project object */;
}
